// !$*UTF8*$!
{
	archiveVersion = 1;
	classes = {
	};
	objectVersion = 50;
	objects = {

/* Begin PBXBuildFile section */
		4909480F2364F2730078571B /* WearablesCollectionViewController.swift in Sources */ = {isa = PBXBuildFile; fileRef = 4909480E2364F2730078571B /* WearablesCollectionViewController.swift */; };
		490948182364FA740078571B /* VestCollectionViewCell.swift in Sources */ = {isa = PBXBuildFile; fileRef = 490948162364FA740078571B /* VestCollectionViewCell.swift */; };
		490948192364FA740078571B /* VestCollectionViewCell.xib in Resources */ = {isa = PBXBuildFile; fileRef = 490948172364FA740078571B /* VestCollectionViewCell.xib */; };
		4909481C236504830078571B /* WearableCollectionViewCell.swift in Sources */ = {isa = PBXBuildFile; fileRef = 4909481A236504830078571B /* WearableCollectionViewCell.swift */; };
		4909481D236504830078571B /* WearableCollectionViewCell.xib in Resources */ = {isa = PBXBuildFile; fileRef = 4909481B236504830078571B /* WearableCollectionViewCell.xib */; };
		4954D50422EE86D000214075 /* AppDelegate.swift in Sources */ = {isa = PBXBuildFile; fileRef = 4954D50322EE86D000214075 /* AppDelegate.swift */; };
		4954D50922EE86D000214075 /* Main.storyboard in Resources */ = {isa = PBXBuildFile; fileRef = 4954D50722EE86D000214075 /* Main.storyboard */; };
		4954D50B22EE86D100214075 /* Assets.xcassets in Resources */ = {isa = PBXBuildFile; fileRef = 4954D50A22EE86D100214075 /* Assets.xcassets */; };
		4954D50E22EE86D100214075 /* LaunchScreen.storyboard in Resources */ = {isa = PBXBuildFile; fileRef = 4954D50C22EE86D100214075 /* LaunchScreen.storyboard */; };
		4962F574235CFEF60098E2F8 /* Constant.swift in Sources */ = {isa = PBXBuildFile; fileRef = 4962F573235CFEF60098E2F8 /* Constant.swift */; };
		49F266C32305F219003A3390 /* BrainViewController.swift in Sources */ = {isa = PBXBuildFile; fileRef = 49F266C22305F219003A3390 /* BrainViewController.swift */; };
/* End PBXBuildFile section */

/* Begin PBXFileReference section */
		4909480E2364F2730078571B /* WearablesCollectionViewController.swift */ = {isa = PBXFileReference; lastKnownFileType = sourcecode.swift; path = WearablesCollectionViewController.swift; sourceTree = "<group>"; };
		490948162364FA740078571B /* VestCollectionViewCell.swift */ = {isa = PBXFileReference; lastKnownFileType = sourcecode.swift; path = VestCollectionViewCell.swift; sourceTree = "<group>"; };
		490948172364FA740078571B /* VestCollectionViewCell.xib */ = {isa = PBXFileReference; lastKnownFileType = file.xib; path = VestCollectionViewCell.xib; sourceTree = "<group>"; };
		4909481A236504830078571B /* WearableCollectionViewCell.swift */ = {isa = PBXFileReference; lastKnownFileType = sourcecode.swift; path = WearableCollectionViewCell.swift; sourceTree = "<group>"; };
		4909481B236504830078571B /* WearableCollectionViewCell.xib */ = {isa = PBXFileReference; lastKnownFileType = file.xib; path = WearableCollectionViewCell.xib; sourceTree = "<group>"; };
		4954D50022EE86D000214075 /* inCare.app */ = {isa = PBXFileReference; explicitFileType = wrapper.application; includeInIndex = 0; path = inCare.app; sourceTree = BUILT_PRODUCTS_DIR; };
		4954D50322EE86D000214075 /* AppDelegate.swift */ = {isa = PBXFileReference; lastKnownFileType = sourcecode.swift; path = AppDelegate.swift; sourceTree = "<group>"; };
		4954D50822EE86D000214075 /* Base */ = {isa = PBXFileReference; lastKnownFileType = file.storyboard; name = Base; path = Base.lproj/Main.storyboard; sourceTree = "<group>"; };
		4954D50A22EE86D100214075 /* Assets.xcassets */ = {isa = PBXFileReference; lastKnownFileType = folder.assetcatalog; path = Assets.xcassets; sourceTree = "<group>"; };
		4954D50D22EE86D100214075 /* Base */ = {isa = PBXFileReference; lastKnownFileType = file.storyboard; name = Base; path = Base.lproj/LaunchScreen.storyboard; sourceTree = "<group>"; };
		4954D50F22EE86D100214075 /* Info.plist */ = {isa = PBXFileReference; lastKnownFileType = text.plist.xml; path = Info.plist; sourceTree = "<group>"; };
		4962F573235CFEF60098E2F8 /* Constant.swift */ = {isa = PBXFileReference; lastKnownFileType = sourcecode.swift; path = Constant.swift; sourceTree = "<group>"; };
		49F266C22305F219003A3390 /* BrainViewController.swift */ = {isa = PBXFileReference; lastKnownFileType = sourcecode.swift; path = BrainViewController.swift; sourceTree = "<group>"; };
/* End PBXFileReference section */

/* Begin PBXFrameworksBuildPhase section */
		4954D4FD22EE86D000214075 /* Frameworks */ = {
			isa = PBXFrameworksBuildPhase;
			buildActionMask = 2147483647;
			files = (
			);
			runOnlyForDeploymentPostprocessing = 0;
		};
/* End PBXFrameworksBuildPhase section */

/* Begin PBXGroup section */
		4909481E236504930078571B /* Wearables Collection View */ = {
			isa = PBXGroup;
			children = (
				4909480E2364F2730078571B /* WearablesCollectionViewController.swift */,
				4909481B236504830078571B /* WearableCollectionViewCell.xib */,
				4909481A236504830078571B /* WearableCollectionViewCell.swift */,
				4909481F2365049E0078571B /* Vest */,
			);
			path = "Wearables Collection View";
			sourceTree = "<group>";
		};
		4909481F2365049E0078571B /* Vest */ = {
			isa = PBXGroup;
			children = (
				490948172364FA740078571B /* VestCollectionViewCell.xib */,
				490948162364FA740078571B /* VestCollectionViewCell.swift */,
			);
			path = Vest;
			sourceTree = "<group>";
		};
		4954D4F722EE86D000214075 = {
			isa = PBXGroup;
			children = (
				4954D50222EE86D000214075 /* inCare */,
				4954D50122EE86D000214075 /* Products */,
			);
			sourceTree = "<group>";
		};
		4954D50122EE86D000214075 /* Products */ = {
			isa = PBXGroup;
			children = (
				4954D50022EE86D000214075 /* inCare.app */,
			);
			name = Products;
			sourceTree = "<group>";
		};
		4954D50222EE86D000214075 /* inCare */ = {
			isa = PBXGroup;
			children = (
				4954D50C22EE86D100214075 /* LaunchScreen.storyboard */,
				4954D50722EE86D000214075 /* Main.storyboard */,
				4954D50322EE86D000214075 /* AppDelegate.swift */,
				4909481E236504930078571B /* Wearables Collection View */,
				49F266C22305F219003A3390 /* BrainViewController.swift */,
				4954D50A22EE86D100214075 /* Assets.xcassets */,
				4954D50F22EE86D100214075 /* Info.plist */,
				4962F573235CFEF60098E2F8 /* Constant.swift */,
			);
			path = inCare;
			sourceTree = "<group>";
		};
/* End PBXGroup section */

/* Begin PBXNativeTarget section */
		4954D4FF22EE86D000214075 /* inCare */ = {
			isa = PBXNativeTarget;
			buildConfigurationList = 4954D51222EE86D100214075 /* Build configuration list for PBXNativeTarget "inCare" */;
			buildPhases = (
				4954D4FC22EE86D000214075 /* Sources */,
				4954D4FD22EE86D000214075 /* Frameworks */,
				4954D4FE22EE86D000214075 /* Resources */,
			);
			buildRules = (
			);
			dependencies = (
			);
			name = inCare;
			productName = inCare;
			productReference = 4954D50022EE86D000214075 /* inCare.app */;
			productType = "com.apple.product-type.application";
		};
/* End PBXNativeTarget section */

/* Begin PBXProject section */
		4954D4F822EE86D000214075 /* Project object */ = {
			isa = PBXProject;
			attributes = {
				LastSwiftUpdateCheck = 1020;
				LastUpgradeCheck = 1020;
				ORGANIZATIONNAME = inCare;
				TargetAttributes = {
					4954D4FF22EE86D000214075 = {
						CreatedOnToolsVersion = 10.2.1;
					};
				};
			};
			buildConfigurationList = 4954D4FB22EE86D000214075 /* Build configuration list for PBXProject "inCare" */;
			compatibilityVersion = "Xcode 9.3";
			developmentRegion = en;
			hasScannedForEncodings = 0;
			knownRegions = (
				en,
				Base,
			);
			mainGroup = 4954D4F722EE86D000214075;
			productRefGroup = 4954D50122EE86D000214075 /* Products */;
			projectDirPath = "";
			projectRoot = "";
			targets = (
				4954D4FF22EE86D000214075 /* inCare */,
			);
		};
/* End PBXProject section */

/* Begin PBXResourcesBuildPhase section */
		4954D4FE22EE86D000214075 /* Resources */ = {
			isa = PBXResourcesBuildPhase;
			buildActionMask = 2147483647;
			files = (
				490948192364FA740078571B /* VestCollectionViewCell.xib in Resources */,
				4909481D236504830078571B /* WearableCollectionViewCell.xib in Resources */,
				4954D50E22EE86D100214075 /* LaunchScreen.storyboard in Resources */,
				4954D50B22EE86D100214075 /* Assets.xcassets in Resources */,
				4954D50922EE86D000214075 /* Main.storyboard in Resources */,
			);
			runOnlyForDeploymentPostprocessing = 0;
		};
/* End PBXResourcesBuildPhase section */

/* Begin PBXSourcesBuildPhase section */
		4954D4FC22EE86D000214075 /* Sources */ = {
			isa = PBXSourcesBuildPhase;
			buildActionMask = 2147483647;
			files = (
				490948182364FA740078571B /* VestCollectionViewCell.swift in Sources */,
				4909480F2364F2730078571B /* WearablesCollectionViewController.swift in Sources */,
				4909481C236504830078571B /* WearableCollectionViewCell.swift in Sources */,
				49F266C32305F219003A3390 /* BrainViewController.swift in Sources */,
				4954D50422EE86D000214075 /* AppDelegate.swift in Sources */,
				4962F574235CFEF60098E2F8 /* Constant.swift in Sources */,
			);
			runOnlyForDeploymentPostprocessing = 0;
		};
/* End PBXSourcesBuildPhase section */

/* Begin PBXVariantGroup section */
		4954D50722EE86D000214075 /* Main.storyboard */ = {
			isa = PBXVariantGroup;
			children = (
				4954D50822EE86D000214075 /* Base */,
			);
			name = Main.storyboard;
			sourceTree = "<group>";
		};
		4954D50C22EE86D100214075 /* LaunchScreen.storyboard */ = {
			isa = PBXVariantGroup;
			children = (
				4954D50D22EE86D100214075 /* Base */,
			);
			name = LaunchScreen.storyboard;
			sourceTree = "<group>";
		};
/* End PBXVariantGroup section */

/* Begin XCBuildConfiguration section */
		4954D51022EE86D100214075 /* Debug */ = {
			isa = XCBuildConfiguration;
			buildSettings = {
				ALWAYS_SEARCH_USER_PATHS = NO;
				CLANG_ANALYZER_NONNULL = YES;
				CLANG_ANALYZER_NUMBER_OBJECT_CONVERSION = YES_AGGRESSIVE;
				CLANG_CXX_LANGUAGE_STANDARD = "gnu++14";
				CLANG_CXX_LIBRARY = "libc++";
				CLANG_ENABLE_MODULES = YES;
				CLANG_ENABLE_OBJC_ARC = YES;
				CLANG_ENABLE_OBJC_WEAK = YES;
				CLANG_WARN_BLOCK_CAPTURE_AUTORELEASING = YES;
				CLANG_WARN_BOOL_CONVERSION = YES;
				CLANG_WARN_COMMA = YES;
				CLANG_WARN_CONSTANT_CONVERSION = YES;
				CLANG_WARN_DEPRECATED_OBJC_IMPLEMENTATIONS = YES;
				CLANG_WARN_DIRECT_OBJC_ISA_USAGE = YES_ERROR;
				CLANG_WARN_DOCUMENTATION_COMMENTS = YES;
				CLANG_WARN_EMPTY_BODY = YES;
				CLANG_WARN_ENUM_CONVERSION = YES;
				CLANG_WARN_INFINITE_RECURSION = YES;
				CLANG_WARN_INT_CONVERSION = YES;
				CLANG_WARN_NON_LITERAL_NULL_CONVERSION = YES;
				CLANG_WARN_OBJC_IMPLICIT_RETAIN_SELF = YES;
				CLANG_WARN_OBJC_LITERAL_CONVERSION = YES;
				CLANG_WARN_OBJC_ROOT_CLASS = YES_ERROR;
				CLANG_WARN_RANGE_LOOP_ANALYSIS = YES;
				CLANG_WARN_STRICT_PROTOTYPES = YES;
				CLANG_WARN_SUSPICIOUS_MOVE = YES;
				CLANG_WARN_UNGUARDED_AVAILABILITY = YES_AGGRESSIVE;
				CLANG_WARN_UNREACHABLE_CODE = YES;
				CLANG_WARN__DUPLICATE_METHOD_MATCH = YES;
				CODE_SIGN_IDENTITY = "iPhone Developer";
				COPY_PHASE_STRIP = NO;
				DEBUG_INFORMATION_FORMAT = dwarf;
				ENABLE_STRICT_OBJC_MSGSEND = YES;
				ENABLE_TESTABILITY = YES;
				GCC_C_LANGUAGE_STANDARD = gnu11;
				GCC_DYNAMIC_NO_PIC = NO;
				GCC_NO_COMMON_BLOCKS = YES;
				GCC_OPTIMIZATION_LEVEL = 0;
				GCC_PREPROCESSOR_DEFINITIONS = (
					"DEBUG=1",
					"$(inherited)",
				);
				GCC_WARN_64_TO_32_BIT_CONVERSION = YES;
				GCC_WARN_ABOUT_RETURN_TYPE = YES_ERROR;
				GCC_WARN_UNDECLARED_SELECTOR = YES;
				GCC_WARN_UNINITIALIZED_AUTOS = YES_AGGRESSIVE;
				GCC_WARN_UNUSED_FUNCTION = YES;
				GCC_WARN_UNUSED_VARIABLE = YES;
				IPHONEOS_DEPLOYMENT_TARGET = 12.2;
				MTL_ENABLE_DEBUG_INFO = INCLUDE_SOURCE;
				MTL_FAST_MATH = YES;
				ONLY_ACTIVE_ARCH = YES;
				SDKROOT = iphoneos;
				SWIFT_ACTIVE_COMPILATION_CONDITIONS = DEBUG;
				SWIFT_OPTIMIZATION_LEVEL = "-Onone";
			};
			name = Debug;
		};
		4954D51122EE86D100214075 /* Release */ = {
			isa = XCBuildConfiguration;
			buildSettings = {
				ALWAYS_SEARCH_USER_PATHS = NO;
				CLANG_ANALYZER_NONNULL = YES;
				CLANG_ANALYZER_NUMBER_OBJECT_CONVERSION = YES_AGGRESSIVE;
				CLANG_CXX_LANGUAGE_STANDARD = "gnu++14";
				CLANG_CXX_LIBRARY = "libc++";
				CLANG_ENABLE_MODULES = YES;
				CLANG_ENABLE_OBJC_ARC = YES;
				CLANG_ENABLE_OBJC_WEAK = YES;
				CLANG_WARN_BLOCK_CAPTURE_AUTORELEASING = YES;
				CLANG_WARN_BOOL_CONVERSION = YES;
				CLANG_WARN_COMMA = YES;
				CLANG_WARN_CONSTANT_CONVERSION = YES;
				CLANG_WARN_DEPRECATED_OBJC_IMPLEMENTATIONS = YES;
				CLANG_WARN_DIRECT_OBJC_ISA_USAGE = YES_ERROR;
				CLANG_WARN_DOCUMENTATION_COMMENTS = YES;
				CLANG_WARN_EMPTY_BODY = YES;
				CLANG_WARN_ENUM_CONVERSION = YES;
				CLANG_WARN_INFINITE_RECURSION = YES;
				CLANG_WARN_INT_CONVERSION = YES;
				CLANG_WARN_NON_LITERAL_NULL_CONVERSION = YES;
				CLANG_WARN_OBJC_IMPLICIT_RETAIN_SELF = YES;
				CLANG_WARN_OBJC_LITERAL_CONVERSION = YES;
				CLANG_WARN_OBJC_ROOT_CLASS = YES_ERROR;
				CLANG_WARN_RANGE_LOOP_ANALYSIS = YES;
				CLANG_WARN_STRICT_PROTOTYPES = YES;
				CLANG_WARN_SUSPICIOUS_MOVE = YES;
				CLANG_WARN_UNGUARDED_AVAILABILITY = YES_AGGRESSIVE;
				CLANG_WARN_UNREACHABLE_CODE = YES;
				CLANG_WARN__DUPLICATE_METHOD_MATCH = YES;
				CODE_SIGN_IDENTITY = "iPhone Developer";
				COPY_PHASE_STRIP = NO;
				DEBUG_INFORMATION_FORMAT = "dwarf-with-dsym";
				ENABLE_NS_ASSERTIONS = NO;
				ENABLE_STRICT_OBJC_MSGSEND = YES;
				GCC_C_LANGUAGE_STANDARD = gnu11;
				GCC_NO_COMMON_BLOCKS = YES;
				GCC_WARN_64_TO_32_BIT_CONVERSION = YES;
				GCC_WARN_ABOUT_RETURN_TYPE = YES_ERROR;
				GCC_WARN_UNDECLARED_SELECTOR = YES;
				GCC_WARN_UNINITIALIZED_AUTOS = YES_AGGRESSIVE;
				GCC_WARN_UNUSED_FUNCTION = YES;
				GCC_WARN_UNUSED_VARIABLE = YES;
				IPHONEOS_DEPLOYMENT_TARGET = 12.2;
				MTL_ENABLE_DEBUG_INFO = NO;
				MTL_FAST_MATH = YES;
				SDKROOT = iphoneos;
				SWIFT_COMPILATION_MODE = wholemodule;
				SWIFT_OPTIMIZATION_LEVEL = "-O";
				VALIDATE_PRODUCT = YES;
			};
			name = Release;
		};
		4954D51322EE86D100214075 /* Debug */ = {
			isa = XCBuildConfiguration;
			buildSettings = {
				ASSETCATALOG_COMPILER_APPICON_NAME = AppIcon;
				CODE_SIGN_STYLE = Automatic;
				DEVELOPMENT_TEAM = 43B5CQKAZ4;
				INFOPLIST_FILE = inCare/Info.plist;
				IPHONEOS_DEPLOYMENT_TARGET = 13.0;
				LD_RUNPATH_SEARCH_PATHS = (
					"$(inherited)",
					"@executable_path/Frameworks",
				);
				PRODUCT_BUNDLE_IDENTIFIER = com.incarebrand.inCare;
				PRODUCT_NAME = "$(TARGET_NAME)";
				SWIFT_VERSION = 5.0;
				TARGETED_DEVICE_FAMILY = "1,2";
			};
			name = Debug;
		};
		4954D51422EE86D100214075 /* Release */ = {
			isa = XCBuildConfiguration;
			buildSettings = {
				ASSETCATALOG_COMPILER_APPICON_NAME = AppIcon;
				CODE_SIGN_STYLE = Automatic;
				DEVELOPMENT_TEAM = 43B5CQKAZ4;
				INFOPLIST_FILE = inCare/Info.plist;
				IPHONEOS_DEPLOYMENT_TARGET = 13.0;
				LD_RUNPATH_SEARCH_PATHS = (
					"$(inherited)",
					"@executable_path/Frameworks",
				);
				PRODUCT_BUNDLE_IDENTIFIER = com.incarebrand.inCare;
				PRODUCT_NAME = "$(TARGET_NAME)";
				SWIFT_VERSION = 5.0;
				TARGETED_DEVICE_FAMILY = "1,2";
			};
			name = Release;
		};
/* End XCBuildConfiguration section */

/* Begin XCConfigurationList section */
		4954D4FB22EE86D000214075 /* Build configuration list for PBXProject "inCare" */ = {
			isa = XCConfigurationList;
			buildConfigurations = (
				4954D51022EE86D100214075 /* Debug */,
				4954D51122EE86D100214075 /* Release */,
			);
			defaultConfigurationIsVisible = 0;
			defaultConfigurationName = Release;
		};
		4954D51222EE86D100214075 /* Build configuration list for PBXNativeTarget "inCare" */ = {
			isa = XCConfigurationList;
			buildConfigurations = (
				4954D51322EE86D100214075 /* Debug */,
				4954D51422EE86D100214075 /* Release */,
			);
			defaultConfigurationIsVisible = 0;
			defaultConfigurationName = Release;
		};
/* End XCConfigurationList section */
	};
	rootObject = 4954D4F822EE86D000214075 /* Project object */;
}
